
Microsoft Visual Studio Solution File, Format Version 12.00
# Visual Studio Version 17
VisualStudioVersion = 17.10.35122.118
MinimumVisualStudioVersion = 10.0.40219.1
Project("{2150E333-8FDC-42A3-9474-1A3956D46DE8}") = "Solution items", "Solution items", "{C21075CB-7977-4E30-912D-6B63A9265BDC}"
	ProjectSection(SolutionItems) = preProject
		Solution items\README.md = Solution items\README.md
	EndProjectSection
EndProject
Project("{2150E333-8FDC-42A3-9474-1A3956D46DE8}") = "Src", "Src", "{200C8F87-06F5-4E99-B9D5-D5E3EDB003F3}"
EndProject
Project("{2150E333-8FDC-42A3-9474-1A3956D46DE8}") = "API", "API", "{C66A81D6-9BE2-4A8E-A2AC-B7E7192F571C}"
EndProject
Project("{2150E333-8FDC-42A3-9474-1A3956D46DE8}") = "Core", "Core", "{21A5C533-1C43-4814-9369-8114DD99D7D0}"
EndProject
Project("{2150E333-8FDC-42A3-9474-1A3956D46DE8}") = "Shared", "Shared", "{F5883EF4-FC53-4030-BAEC-F1A8D4DA8522}"
EndProject
Project("{2150E333-8FDC-42A3-9474-1A3956D46DE8}") = "Migrators", "Migrators", "{5E96515F-EC93-4F4D-8044-10A6FDFC6BAE}"
EndProject
Project("{FAE04EC0-301F-11D3-BF4B-00C04F79EFBC}") = "Application", "Src\API\Core\Application\Application.csproj", "{AA93043B-8933-438A-9CE4-2182ABA6CEFD}"
EndProject
Project("{FAE04EC0-301F-11D3-BF4B-00C04F79EFBC}") = "Domain", "Src\API\Core\Domain\Domain.csproj", "{D4E101E9-33F3-44BC-89F4-C33B4157E497}"
EndProject
Project("{FAE04EC0-301F-11D3-BF4B-00C04F79EFBC}") = "Infrastructure", "Src\API\Core\Infrastructure\Infrastructure.csproj", "{2DA0B3C7-7A64-4D66-96E9-3691E23EBCC1}"
EndProject
Project("{FAE04EC0-301F-11D3-BF4B-00C04F79EFBC}") = "MSSQL", "Src\API\Migrators\MSSQL\MSSQL.csproj", "{B4C9C525-B0BB-4235-81C6-19ABAC61D637}"
EndProject
Project("{FAE04EC0-301F-11D3-BF4B-00C04F79EFBC}") = "Shared", "Src\Shared\Shared\Shared.csproj", "{8E1DC7E4-CE23-48D2-A7F7-423BC081D448}"
EndProject
Global
	GlobalSection(SolutionConfigurationPlatforms) = preSolution
		Debug|Any CPU = Debug|Any CPU
		Release|Any CPU = Release|Any CPU
	EndGlobalSection
	GlobalSection(ProjectConfigurationPlatforms) = postSolution
		{AA93043B-8933-438A-9CE4-2182ABA6CEFD}.Debug|Any CPU.ActiveCfg = Debug|Any CPU
		{AA93043B-8933-438A-9CE4-2182ABA6CEFD}.Debug|Any CPU.Build.0 = Debug|Any CPU
		{AA93043B-8933-438A-9CE4-2182ABA6CEFD}.Release|Any CPU.ActiveCfg = Release|Any CPU
		{AA93043B-8933-438A-9CE4-2182ABA6CEFD}.Release|Any CPU.Build.0 = Release|Any CPU
		{D4E101E9-33F3-44BC-89F4-C33B4157E497}.Debug|Any CPU.ActiveCfg = Debug|Any CPU
		{D4E101E9-33F3-44BC-89F4-C33B4157E497}.Debug|Any CPU.Build.0 = Debug|Any CPU
		{D4E101E9-33F3-44BC-89F4-C33B4157E497}.Release|Any CPU.ActiveCfg = Release|Any CPU
		{D4E101E9-33F3-44BC-89F4-C33B4157E497}.Release|Any CPU.Build.0 = Release|Any CPU
		{2DA0B3C7-7A64-4D66-96E9-3691E23EBCC1}.Debug|Any CPU.ActiveCfg = Debug|Any CPU
		{2DA0B3C7-7A64-4D66-96E9-3691E23EBCC1}.Debug|Any CPU.Build.0 = Debug|Any CPU
		{2DA0B3C7-7A64-4D66-96E9-3691E23EBCC1}.Release|Any CPU.ActiveCfg = Release|Any CPU
		{2DA0B3C7-7A64-4D66-96E9-3691E23EBCC1}.Release|Any CPU.Build.0 = Release|Any CPU
		{B4C9C525-B0BB-4235-81C6-19ABAC61D637}.Debug|Any CPU.ActiveCfg = Debug|Any CPU
		{B4C9C525-B0BB-4235-81C6-19ABAC61D637}.Debug|Any CPU.Build.0 = Debug|Any CPU
		{B4C9C525-B0BB-4235-81C6-19ABAC61D637}.Release|Any CPU.ActiveCfg = Release|Any CPU
		{B4C9C525-B0BB-4235-81C6-19ABAC61D637}.Release|Any CPU.Build.0 = Release|Any CPU
		{8E1DC7E4-CE23-48D2-A7F7-423BC081D448}.Debug|Any CPU.ActiveCfg = Debug|Any CPU
		{8E1DC7E4-CE23-48D2-A7F7-423BC081D448}.Debug|Any CPU.Build.0 = Debug|Any CPU
		{8E1DC7E4-CE23-48D2-A7F7-423BC081D448}.Release|Any CPU.ActiveCfg = Release|Any CPU
		{8E1DC7E4-CE23-48D2-A7F7-423BC081D448}.Release|Any CPU.Build.0 = Release|Any CPU
	EndGlobalSection
	GlobalSection(SolutionProperties) = preSolution
		HideSolutionNode = FALSE
	EndGlobalSection
	GlobalSection(NestedProjects) = preSolution
		{C66A81D6-9BE2-4A8E-A2AC-B7E7192F571C} = {200C8F87-06F5-4E99-B9D5-D5E3EDB003F3}
		{21A5C533-1C43-4814-9369-8114DD99D7D0} = {C66A81D6-9BE2-4A8E-A2AC-B7E7192F571C}
		{F5883EF4-FC53-4030-BAEC-F1A8D4DA8522} = {200C8F87-06F5-4E99-B9D5-D5E3EDB003F3}
		{5E96515F-EC93-4F4D-8044-10A6FDFC6BAE} = {C66A81D6-9BE2-4A8E-A2AC-B7E7192F571C}
		{AA93043B-8933-438A-9CE4-2182ABA6CEFD} = {21A5C533-1C43-4814-9369-8114DD99D7D0}
		{D4E101E9-33F3-44BC-89F4-C33B4157E497} = {21A5C533-1C43-4814-9369-8114DD99D7D0}
		{2DA0B3C7-7A64-4D66-96E9-3691E23EBCC1} = {21A5C533-1C43-4814-9369-8114DD99D7D0}
		{B4C9C525-B0BB-4235-81C6-19ABAC61D637} = {5E96515F-EC93-4F4D-8044-10A6FDFC6BAE}
		{8E1DC7E4-CE23-48D2-A7F7-423BC081D448} = {F5883EF4-FC53-4030-BAEC-F1A8D4DA8522}
	EndGlobalSection
	GlobalSection(ExtensibilityGlobals) = postSolution
		SolutionGuid = {5FAFCDBE-0D66-4ABA-8E4E-696FA21C1101}
	EndGlobalSection
EndGlobal
