
Microsoft Visual Studio Solution File, Format Version 12.00
# Visual Studio Version 17
VisualStudioVersion = 17.10.35122.118
MinimumVisualStudioVersion = 10.0.40219.1
Project("{2150E333-8FDC-42A3-9474-1A3956D46DE8}") = "Solution items", "Solution items", "{C21075CB-7977-4E30-912D-6B63A9265BDC}"
EndProject
Project("{2150E333-8FDC-42A3-9474-1A3956D46DE8}") = "Src", "Src", "{200C8F87-06F5-4E99-B9D5-D5E3EDB003F3}"
EndProject
Project("{2150E333-8FDC-42A3-9474-1A3956D46DE8}") = "API", "API", "{C66A81D6-9BE2-4A8E-A2AC-B7E7192F571C}"
EndProject
Project("{2150E333-8FDC-42A3-9474-1A3956D46DE8}") = "Core", "Core", "{21A5C533-1C43-4814-9369-8114DD99D7D0}"
EndProject
Project("{2150E333-8FDC-42A3-9474-1A3956D46DE8}") = "Domain", "Domain", "{E103FAAD-A02F-430B-B68E-C20D951A44B2}"
EndProject
Project("{2150E333-8FDC-42A3-9474-1A3956D46DE8}") = "Infrastructure", "Infrastructure", "{312B8208-0C40-4D07-8240-6319F5E314CB}"
EndProject
Project("{2150E333-8FDC-42A3-9474-1A3956D46DE8}") = "Shared", "Shared", "{F5883EF4-FC53-4030-BAEC-F1A8D4DA8522}"
EndProject
Global
	GlobalSection(SolutionProperties) = preSolution
		HideSolutionNode = FALSE
	EndGlobalSection
	GlobalSection(NestedProjects) = preSolution
		{C66A81D6-9BE2-4A8E-A2AC-B7E7192F571C} = {200C8F87-06F5-4E99-B9D5-D5E3EDB003F3}
		{21A5C533-1C43-4814-9369-8114DD99D7D0} = {C66A81D6-9BE2-4A8E-A2AC-B7E7192F571C}
		{E103FAAD-A02F-430B-B68E-C20D951A44B2} = {C66A81D6-9BE2-4A8E-A2AC-B7E7192F571C}
		{312B8208-0C40-4D07-8240-6319F5E314CB} = {C66A81D6-9BE2-4A8E-A2AC-B7E7192F571C}
		{F5883EF4-FC53-4030-BAEC-F1A8D4DA8522} = {200C8F87-06F5-4E99-B9D5-D5E3EDB003F3}
	EndGlobalSection
	GlobalSection(ExtensibilityGlobals) = postSolution
		SolutionGuid = {5FAFCDBE-0D66-4ABA-8E4E-696FA21C1101}
	EndGlobalSection
EndGlobal
